
Microsoft Visual Studio Solution File, Format Version 12.00
# Visual Studio 15
VisualStudioVersion = 15.0.27004.2010
MinimumVisualStudioVersion = 10.0.40219.1
Project("{FAE04EC0-301F-11D3-BF4B-00C04F79EFBC}") = "MVC_AJAX", "MVC_AJAX\MVC_AJAX.csproj", "{F5E9EDBA-F703-4BE7-A071-1CFA915C45E6}"
EndProject
Global
	GlobalSection(SolutionConfigurationPlatforms) = preSolution
		Debug|Any CPU = Debug|Any CPU
		Release|Any CPU = Release|Any CPU
	EndGlobalSection
	GlobalSection(ProjectConfigurationPlatforms) = postSolution
		{F5E9EDBA-F703-4BE7-A071-1CFA915C45E6}.Debug|Any CPU.ActiveCfg = Debug|Any CPU
		{F5E9EDBA-F703-4BE7-A071-1CFA915C45E6}.Debug|Any CPU.Build.0 = Debug|Any CPU
		{F5E9EDBA-F703-4BE7-A071-1CFA915C45E6}.Release|Any CPU.ActiveCfg = Release|Any CPU
		{F5E9EDBA-F703-4BE7-A071-1CFA915C45E6}.Release|Any CPU.Build.0 = Release|Any CPU
	EndGlobalSection
	GlobalSection(SolutionProperties) = preSolution
		HideSolutionNode = FALSE
	EndGlobalSection
	GlobalSection(ExtensibilityGlobals) = postSolution
		SolutionGuid = {4F7BD9B3-9F4E-4335-A5EC-CBBD57ACFCA8}
	EndGlobalSection
EndGlobal
